
Microsoft Visual Studio Solution File, Format Version 12.00
# Visual Studio 15
VisualStudioVersion = 15.0.27130.2024
MinimumVisualStudioVersion = 10.0.40219.1
Project("{FAE04EC0-301F-11D3-BF4B-00C04F79EFBC}") = "PortScanner", "PortScanner\PortScanner.csproj", "{BB0A15C1-6517-4938-BA94-2B59343FDD7E}"
EndProject
Global
	GlobalSection(SolutionConfigurationPlatforms) = preSolution
		Debug|Any CPU = Debug|Any CPU
		Release|Any CPU = Release|Any CPU
	EndGlobalSection
	GlobalSection(ProjectConfigurationPlatforms) = postSolution
		{BB0A15C1-6517-4938-BA94-2B59343FDD7E}.Debug|Any CPU.ActiveCfg = Debug|Any CPU
		{BB0A15C1-6517-4938-BA94-2B59343FDD7E}.Debug|Any CPU.Build.0 = Debug|Any CPU
		{BB0A15C1-6517-4938-BA94-2B59343FDD7E}.Release|Any CPU.ActiveCfg = Release|Any CPU
		{BB0A15C1-6517-4938-BA94-2B59343FDD7E}.Release|Any CPU.Build.0 = Release|Any CPU
	EndGlobalSection
	GlobalSection(SolutionProperties) = preSolution
		HideSolutionNode = FALSE
	EndGlobalSection
	GlobalSection(ExtensibilityGlobals) = postSolution
		SolutionGuid = {2F765A36-2767-4294-986F-AA577E3556D0}
	EndGlobalSection
EndGlobal
